
Microsoft Visual Studio Solution File, Format Version 12.00
# Visual Studio Version 17
VisualStudioVersion = 17.3.32825.248
MinimumVisualStudioVersion = 10.0.40219.1
Project("{FAE04EC0-301F-11D3-BF4B-00C04F79EFBC}") = "Modul 6 Legenchenko var 1", "Modul 6 Legenchenko var 1\Modul 6 Legenchenko var 1.csproj", "{67A8466A-71F7-4966-BEB2-EA7F90A5B1D8}"
EndProject
Global
	GlobalSection(SolutionConfigurationPlatforms) = preSolution
		Debug|Any CPU = Debug|Any CPU
		Release|Any CPU = Release|Any CPU
	EndGlobalSection
	GlobalSection(ProjectConfigurationPlatforms) = postSolution
		{67A8466A-71F7-4966-BEB2-EA7F90A5B1D8}.Debug|Any CPU.ActiveCfg = Debug|Any CPU
		{67A8466A-71F7-4966-BEB2-EA7F90A5B1D8}.Debug|Any CPU.Build.0 = Debug|Any CPU
		{67A8466A-71F7-4966-BEB2-EA7F90A5B1D8}.Release|Any CPU.ActiveCfg = Release|Any CPU
		{67A8466A-71F7-4966-BEB2-EA7F90A5B1D8}.Release|Any CPU.Build.0 = Release|Any CPU
	EndGlobalSection
	GlobalSection(SolutionProperties) = preSolution
		HideSolutionNode = FALSE
	EndGlobalSection
	GlobalSection(ExtensibilityGlobals) = postSolution
		SolutionGuid = {27BD320B-AED6-4F5D-AA15-560EF56DE56C}
	EndGlobalSection
EndGlobal
